
Microsoft Visual Studio Solution File, Format Version 12.00
# Visual Studio Version 17
VisualStudioVersion = 17.9.34728.123
MinimumVisualStudioVersion = 10.0.40219.1
Project("{9A19103F-16F7-4668-BE54-9A1E7A4F7556}") = "Persistence", "Persistence\Persistence.csproj", "{5C092777-24A1-4CF3-8476-DF55DDF4670C}"
EndProject
Project("{9A19103F-16F7-4668-BE54-9A1E7A4F7556}") = "Business", "Business\Business.csproj", "{21190221-2A24-4390-A15B-94554F9C19A9}"
EndProject
Project("{9A19103F-16F7-4668-BE54-9A1E7A4F7556}") = "Common", "Common\Common.csproj", "{37AE0CCE-CB9C-48E6-B967-67FABF3CF736}"
EndProject
Project("{9A19103F-16F7-4668-BE54-9A1E7A4F7556}") = "Integration", "Integration\Integration.csproj", "{53F2CBA9-AAA0-4264-AD39-AD5641C8DDA5}"
EndProject
Project("{9A19103F-16F7-4668-BE54-9A1E7A4F7556}") = "PresentationClient", "PresentationClient\PresentationClient.csproj", "{2ADEFE7E-1A44-47A8-AF86-FA1F04DF5646}"
EndProject
Project("{9A19103F-16F7-4668-BE54-9A1E7A4F7556}") = "PresentationAdmin", "PresentationAdmin\PresentationAdmin.csproj", "{9BB17E6A-1D8A-4F96-99E6-9E6471A0ED8D}"
EndProject
Project("{9A19103F-16F7-4668-BE54-9A1E7A4F7556}") = "PresentationProvider", "PresentationProvider\PresentationProvider.csproj", "{26E8BF25-90D1-4D79-A8F0-711E3588BD79}"
EndProject
Project("{9A19103F-16F7-4668-BE54-9A1E7A4F7556}") = "Presentation", "Presentation\Presentation.csproj", "{DE6AC613-C10B-4F78-8070-334830B25FA4}"
EndProject
Global
	GlobalSection(SolutionConfigurationPlatforms) = preSolution
		Debug|Any CPU = Debug|Any CPU
		Release|Any CPU = Release|Any CPU
	EndGlobalSection
	GlobalSection(ProjectConfigurationPlatforms) = postSolution
		{5C092777-24A1-4CF3-8476-DF55DDF4670C}.Debug|Any CPU.ActiveCfg = Debug|Any CPU
		{5C092777-24A1-4CF3-8476-DF55DDF4670C}.Debug|Any CPU.Build.0 = Debug|Any CPU
		{5C092777-24A1-4CF3-8476-DF55DDF4670C}.Release|Any CPU.ActiveCfg = Release|Any CPU
		{5C092777-24A1-4CF3-8476-DF55DDF4670C}.Release|Any CPU.Build.0 = Release|Any CPU
		{21190221-2A24-4390-A15B-94554F9C19A9}.Debug|Any CPU.ActiveCfg = Debug|Any CPU
		{21190221-2A24-4390-A15B-94554F9C19A9}.Debug|Any CPU.Build.0 = Debug|Any CPU
		{21190221-2A24-4390-A15B-94554F9C19A9}.Release|Any CPU.ActiveCfg = Release|Any CPU
		{21190221-2A24-4390-A15B-94554F9C19A9}.Release|Any CPU.Build.0 = Release|Any CPU
		{37AE0CCE-CB9C-48E6-B967-67FABF3CF736}.Debug|Any CPU.ActiveCfg = Debug|Any CPU
		{37AE0CCE-CB9C-48E6-B967-67FABF3CF736}.Debug|Any CPU.Build.0 = Debug|Any CPU
		{37AE0CCE-CB9C-48E6-B967-67FABF3CF736}.Release|Any CPU.ActiveCfg = Release|Any CPU
		{37AE0CCE-CB9C-48E6-B967-67FABF3CF736}.Release|Any CPU.Build.0 = Release|Any CPU
		{53F2CBA9-AAA0-4264-AD39-AD5641C8DDA5}.Debug|Any CPU.ActiveCfg = Debug|Any CPU
		{53F2CBA9-AAA0-4264-AD39-AD5641C8DDA5}.Debug|Any CPU.Build.0 = Debug|Any CPU
		{53F2CBA9-AAA0-4264-AD39-AD5641C8DDA5}.Release|Any CPU.ActiveCfg = Release|Any CPU
		{53F2CBA9-AAA0-4264-AD39-AD5641C8DDA5}.Release|Any CPU.Build.0 = Release|Any CPU
		{2ADEFE7E-1A44-47A8-AF86-FA1F04DF5646}.Debug|Any CPU.ActiveCfg = Debug|Any CPU
		{2ADEFE7E-1A44-47A8-AF86-FA1F04DF5646}.Debug|Any CPU.Build.0 = Debug|Any CPU
		{2ADEFE7E-1A44-47A8-AF86-FA1F04DF5646}.Release|Any CPU.ActiveCfg = Release|Any CPU
		{2ADEFE7E-1A44-47A8-AF86-FA1F04DF5646}.Release|Any CPU.Build.0 = Release|Any CPU
		{9BB17E6A-1D8A-4F96-99E6-9E6471A0ED8D}.Debug|Any CPU.ActiveCfg = Debug|Any CPU
		{9BB17E6A-1D8A-4F96-99E6-9E6471A0ED8D}.Debug|Any CPU.Build.0 = Debug|Any CPU
		{9BB17E6A-1D8A-4F96-99E6-9E6471A0ED8D}.Release|Any CPU.ActiveCfg = Release|Any CPU
		{9BB17E6A-1D8A-4F96-99E6-9E6471A0ED8D}.Release|Any CPU.Build.0 = Release|Any CPU
		{26E8BF25-90D1-4D79-A8F0-711E3588BD79}.Debug|Any CPU.ActiveCfg = Debug|Any CPU
		{26E8BF25-90D1-4D79-A8F0-711E3588BD79}.Debug|Any CPU.Build.0 = Debug|Any CPU
		{26E8BF25-90D1-4D79-A8F0-711E3588BD79}.Release|Any CPU.ActiveCfg = Release|Any CPU
		{26E8BF25-90D1-4D79-A8F0-711E3588BD79}.Release|Any CPU.Build.0 = Release|Any CPU
		{DE6AC613-C10B-4F78-8070-334830B25FA4}.Debug|Any CPU.ActiveCfg = Debug|Any CPU
		{DE6AC613-C10B-4F78-8070-334830B25FA4}.Debug|Any CPU.Build.0 = Debug|Any CPU
		{DE6AC613-C10B-4F78-8070-334830B25FA4}.Release|Any CPU.ActiveCfg = Release|Any CPU
		{DE6AC613-C10B-4F78-8070-334830B25FA4}.Release|Any CPU.Build.0 = Release|Any CPU
	EndGlobalSection
	GlobalSection(SolutionProperties) = preSolution
		HideSolutionNode = FALSE
	EndGlobalSection
	GlobalSection(ExtensibilityGlobals) = postSolution
		SolutionGuid = {06497A06-9C06-46A2-8FD7-4688F8FAD26A}
	EndGlobalSection
EndGlobal
